
Microsoft Visual Studio Solution File, Format Version 12.00
Project("{FAE04EC0-301F-11D3-BF4B-00C04F79EFBC}") = "CRUD", "CRUD.csproj", "{A5895C44-CAAA-4293-AA91-50774184C4BC}"
EndProject
Global
	GlobalSection(SolutionConfigurationPlatforms) = preSolution
		Debug|Any CPU = Debug|Any CPU
		Release|Any CPU = Release|Any CPU
	EndGlobalSection
	GlobalSection(ProjectConfigurationPlatforms) = postSolution
		{A5895C44-CAAA-4293-AA91-50774184C4BC}.Debug|Any CPU.ActiveCfg = Debug|Any CPU
		{A5895C44-CAAA-4293-AA91-50774184C4BC}.Debug|Any CPU.Build.0 = Debug|Any CPU
		{A5895C44-CAAA-4293-AA91-50774184C4BC}.Release|Any CPU.ActiveCfg = Release|Any CPU
		{A5895C44-CAAA-4293-AA91-50774184C4BC}.Release|Any CPU.Build.0 = Release|Any CPU
	EndGlobalSection
EndGlobal
